// !$*UTF8*$!
{
	archiveVersion = 1;
	classes = {
	};
	objectVersion = 77;
	objects = {

/* Begin PBXContainerItemProxy section */
		BC1964A43008FCD400D3FBDB /* PBXContainerItemProxy */ = {
			isa = PBXContainerItemProxy;
			containerPortal = BC1964853008FCD300D3FBDB /* Project object */;
			proxyType = 1;
			remoteGlobalIDString = BC19648C3008FCD300D3FBDB;
			remoteInfo = ExamDemoWithTestCase;
		};
		BC1964AE3008FCD400D3FBDB /* PBXContainerItemProxy */ = {
			isa = PBXContainerItemProxy;
			containerPortal = BC1964853008FCD300D3FBDB /* Project object */;
			proxyType = 1;
			remoteGlobalIDString = BC19648C3008FCD300D3FBDB;
			remoteInfo = ExamDemoWithTestCase;
		};
/* End PBXContainerItemProxy section */

/* Begin PBXFileReference section */
		BC19648D3008FCD300D3FBDB /* ExamDemoWithTestCase.app */ = {isa = PBXFileReference; explicitFileType = wrapper.application; includeInIndex = 0; path = ExamDemoWithTestCase.app; sourceTree = BUILT_PRODUCTS_DIR; };
		BC1964A33008FCD400D3FBDB /* ExamDemoWithTestCaseTests.xctest */ = {isa = PBXFileReference; explicitFileType = wrapper.cfbundle; includeInIndex = 0; path = ExamDemoWithTestCaseTests.xctest; sourceTree = BUILT_PRODUCTS_DIR; };
		BC1964AD3008FCD400D3FBDB /* ExamDemoWithTestCaseUITests.xctest */ = {isa = PBXFileReference; explicitFileType = wrapper.cfbundle; includeInIndex = 0; path = ExamDemoWithTestCaseUITests.xctest; sourceTree = BUILT_PRODUCTS_DIR; };
/* End PBXFileReference section */

/* Begin PBXFileSystemSynchronizedBuildFileExceptionSet section */
		BC1964B53008FCD400D3FBDB /* Exceptions for "ExamDemoWithTestCase" folder in "ExamDemoWithTestCase" target */ = {
			isa = PBXFileSystemSynchronizedBuildFileExceptionSet;
			membershipExceptions = (
				Info.plist,
			);
			target = BC19648C3008FCD300D3FBDB /* ExamDemoWithTestCase */;
		};
/* End PBXFileSystemSynchronizedBuildFileExceptionSet section */

/* Begin PBXFileSystemSynchronizedRootGroup section */
		BC19648F3008FCD300D3FBDB /* ExamDemoWithTestCase */ = {
			isa = PBXFileSystemSynchronizedRootGroup;
			exceptions = (
				BC1964B53008FCD400D3FBDB /* Exceptions for "ExamDemoWithTestCase" folder in "ExamDemoWithTestCase" target */,
			);
			path = ExamDemoWithTestCase;
			sourceTree = "<group>";
		};
		BC1964A63008FCD400D3FBDB /* ExamDemoWithTestCaseTests */ = {
			isa = PBXFileSystemSynchronizedRootGroup;
			path = ExamDemoWithTestCaseTests;
			sourceTree = "<group>";
		};
		BC1964B03008FCD400D3FBDB /* ExamDemoWithTestCaseUITests */ = {
			isa = PBXFileSystemSynchronizedRootGroup;
			path = ExamDemoWithTestCaseUITests;
			sourceTree = "<group>";
		};
/* End PBXFileSystemSynchronizedRootGroup section */

/* Begin PBXFrameworksBuildPhase section */
		BC19648A3008FCD300D3FBDB /* Frameworks */ = {
			isa = PBXFrameworksBuildPhase;
			buildActionMask = 2147483647;
			files = (
			);
			runOnlyForDeploymentPostprocessing = 0;
		};
		BC1964A03008FCD400D3FBDB /* Frameworks */ = {
			isa = PBXFrameworksBuildPhase;
			buildActionMask = 2147483647;
			files = (
			);
			runOnlyForDeploymentPostprocessing = 0;
		};
		BC1964AA3008FCD400D3FBDB /* Frameworks */ = {
			isa = PBXFrameworksBuildPhase;
			buildActionMask = 2147483647;
			files = (
			);
			runOnlyForDeploymentPostprocessing = 0;
		};
/* End PBXFrameworksBuildPhase section */

/* Begin PBXGroup section */
		BC1964843008FCD300D3FBDB = {
			isa = PBXGroup;
			children = (
				BC19648F3008FCD300D3FBDB /* ExamDemoWithTestCase */,
				BC1964A63008FCD400D3FBDB /* ExamDemoWithTestCaseTests */,
				BC1964B03008FCD400D3FBDB /* ExamDemoWithTestCaseUITests */,
				BC19648E3008FCD300D3FBDB /* Products */,
			);
			sourceTree = "<group>";
		};
		BC19648E3008FCD300D3FBDB /* Products */ = {
			isa = PBXGroup;
			children = (
				BC19648D3008FCD300D3FBDB /* ExamDemoWithTestCase.app */,
				BC1964A33008FCD400D3FBDB /* ExamDemoWithTestCaseTests.xctest */,
				BC1964AD3008FCD400D3FBDB /* ExamDemoWithTestCaseUITests.xctest */,
			);
			name = Products;
			sourceTree = "<group>";
		};
/* End PBXGroup section */

/* Begin PBXNativeTarget section */
		BC19648C3008FCD300D3FBDB /* ExamDemoWithTestCase */ = {
			isa = PBXNativeTarget;
			buildConfigurationList = BC1964B63008FCD400D3FBDB /* Build configuration list for PBXNativeTarget "ExamDemoWithTestCase" */;
			buildPhases = (
				BC1964893008FCD300D3FBDB /* Sources */,
				BC19648A3008FCD300D3FBDB /* Frameworks */,
				BC19648B3008FCD300D3FBDB /* Resources */,
			);
			buildRules = (
			);
			dependencies = (
			);
			fileSystemSynchronizedGroups = (
				BC19648F3008FCD300D3FBDB /* ExamDemoWithTestCase */,
			);
			name = ExamDemoWithTestCase;
			packageProductDependencies = (
			);
			productName = ExamDemoWithTestCase;
			productReference = BC19648D3008FCD300D3FBDB /* ExamDemoWithTestCase.app */;
			productType = "com.apple.product-type.application";
		};
		BC1964A23008FCD400D3FBDB /* ExamDemoWithTestCaseTests */ = {
			isa = PBXNativeTarget;
			buildConfigurationList = BC1964BB3008FCD400D3FBDB /* Build configuration list for PBXNativeTarget "ExamDemoWithTestCaseTests" */;
			buildPhases = (
				BC19649F3008FCD400D3FBDB /* Sources */,
				BC1964A03008FCD400D3FBDB /* Frameworks */,
				BC1964A13008FCD400D3FBDB /* Resources */,
			);
			buildRules = (
			);
			dependencies = (
				BC1964A53008FCD400D3FBDB /* PBXTargetDependency */,
			);
			fileSystemSynchronizedGroups = (
				BC1964A63008FCD400D3FBDB /* ExamDemoWithTestCaseTests */,
			);
			name = ExamDemoWithTestCaseTests;
			packageProductDependencies = (
			);
			productName = ExamDemoWithTestCaseTests;
			productReference = BC1964A33008FCD400D3FBDB /* ExamDemoWithTestCaseTests.xctest */;
			productType = "com.apple.product-type.bundle.unit-test";
		};
		BC1964AC3008FCD400D3FBDB /* ExamDemoWithTestCaseUITests */ = {
			isa = PBXNativeTarget;
			buildConfigurationList = BC1964BE3008FCD400D3FBDB /* Build configuration list for PBXNativeTarget "ExamDemoWithTestCaseUITests" */;
			buildPhases = (
				BC1964A93008FCD400D3FBDB /* Sources */,
				BC1964AA3008FCD400D3FBDB /* Frameworks */,
				BC1964AB3008FCD400D3FBDB /* Resources */,
			);
			buildRules = (
			);
			dependencies = (
				BC1964AF3008FCD400D3FBDB /* PBXTargetDependency */,
			);
			fileSystemSynchronizedGroups = (
				BC1964B03008FCD400D3FBDB /* ExamDemoWithTestCaseUITests */,
			);
			name = ExamDemoWithTestCaseUITests;
			packageProductDependencies = (
			);
			productName = ExamDemoWithTestCaseUITests;
			productReference = BC1964AD3008FCD400D3FBDB /* ExamDemoWithTestCaseUITests.xctest */;
			productType = "com.apple.product-type.bundle.ui-testing";
		};
/* End PBXNativeTarget section */

/* Begin PBXProject section */
		BC1964853008FCD300D3FBDB /* Project object */ = {
			isa = PBXProject;
			attributes = {
				BuildIndependentTargetsInParallel = 1;
				LastSwiftUpdateCheck = 2660;
				LastUpgradeCheck = 2660;
				TargetAttributes = {
					BC19648C3008FCD300D3FBDB = {
						CreatedOnToolsVersion = 26.6;
					};
					BC1964A23008FCD400D3FBDB = {
						CreatedOnToolsVersion = 26.6;
						TestTargetID = BC19648C3008FCD300D3FBDB;
					};
					BC1964AC3008FCD400D3FBDB = {
						CreatedOnToolsVersion = 26.6;
						TestTargetID = BC19648C3008FCD300D3FBDB;
					};
				};
			};
			buildConfigurationList = BC1964883008FCD300D3FBDB /* Build configuration list for PBXProject "ExamDemoWithTestCase" */;
			developmentRegion = en;
			hasScannedForEncodings = 0;
			knownRegions = (
				en,
				Base,
			);
			mainGroup = BC1964843008FCD300D3FBDB;
			minimizedProjectReferenceProxies = 1;
			preferredProjectObjectVersion = 77;
			productRefGroup = BC19648E3008FCD300D3FBDB /* Products */;
			projectDirPath = "";
			projectRoot = "";
			targets = (
				BC19648C3008FCD300D3FBDB /* ExamDemoWithTestCase */,
				BC1964A23008FCD400D3FBDB /* ExamDemoWithTestCaseTests */,
				BC1964AC3008FCD400D3FBDB /* ExamDemoWithTestCaseUITests */,
			);
		};
/* End PBXProject section */

/* Begin PBXResourcesBuildPhase section */
		BC19648B3008FCD300D3FBDB /* Resources */ = {
			isa = PBXResourcesBuildPhase;
			buildActionMask = 2147483647;
			files = (
			);
			runOnlyForDeploymentPostprocessing = 0;
		};
		BC1964A13008FCD400D3FBDB /* Resources */ = {
			isa = PBXResourcesBuildPhase;
			buildActionMask = 2147483647;
			files = (
			);
			runOnlyForDeploymentPostprocessing = 0;
		};
		BC1964AB3008FCD400D3FBDB /* Resources */ = {
			isa = PBXResourcesBuildPhase;
			buildActionMask = 2147483647;
			files = (
			);
			runOnlyForDeploymentPostprocessing = 0;
		};
/* End PBXResourcesBuildPhase section */

/* Begin PBXSourcesBuildPhase section */
		BC1964893008FCD300D3FBDB /* Sources */ = {
			isa = PBXSourcesBuildPhase;
			buildActionMask = 2147483647;
			files = (
			);
			runOnlyForDeploymentPostprocessing = 0;
		};
		BC19649F3008FCD400D3FBDB /* Sources */ = {
			isa = PBXSourcesBuildPhase;
			buildActionMask = 2147483647;
			files = (
			);
			runOnlyForDeploymentPostprocessing = 0;
		};
		BC1964A93008FCD400D3FBDB /* Sources */ = {
			isa = PBXSourcesBuildPhase;
			buildActionMask = 2147483647;
			files = (
			);
			runOnlyForDeploymentPostprocessing = 0;
		};
/* End PBXSourcesBuildPhase section */

/* Begin PBXTargetDependency section */
		BC1964A53008FCD400D3FBDB /* PBXTargetDependency */ = {
			isa = PBXTargetDependency;
			target = BC19648C3008FCD300D3FBDB /* ExamDemoWithTestCase */;
			targetProxy = BC1964A43008FCD400D3FBDB /* PBXContainerItemProxy */;
		};
		BC1964AF3008FCD400D3FBDB /* PBXTargetDependency */ = {
			isa = PBXTargetDependency;
			target = BC19648C3008FCD300D3FBDB /* ExamDemoWithTestCase */;
			targetProxy = BC1964AE3008FCD400D3FBDB /* PBXContainerItemProxy */;
		};
/* End PBXTargetDependency section */

/* Begin XCBuildConfiguration section */
		BC1964B73008FCD400D3FBDB /* Debug */ = {
			isa = XCBuildConfiguration;
			buildSettings = {
				ASSETCATALOG_COMPILER_APPICON_NAME = AppIcon;
				ASSETCATALOG_COMPILER_GLOBAL_ACCENT_COLOR_NAME = AccentColor;
				CODE_SIGN_STYLE = Automatic;
				CURRENT_PROJECT_VERSION = 1;
				DEVELOPMENT_TEAM = F4D3NJ9MM5;
				GENERATE_INFOPLIST_FILE = YES;
				INFOPLIST_FILE = ExamDemoWithTestCase/Info.plist;
				INFOPLIST_KEY_UIApplicationSupportsIndirectInputEvents = YES;
				INFOPLIST_KEY_UILaunchStoryboardName = LaunchScreen;
				INFOPLIST_KEY_UIMainStoryboardFile = Main;
				INFOPLIST_KEY_UISupportedInterfaceOrientations_iPad = "UIInterfaceOrientationPortrait UIInterfaceOrientationPortraitUpsideDown UIInterfaceOrientationLandscapeLeft UIInterfaceOrientationLandscapeRight";
				INFOPLIST_KEY_UISupportedInterfaceOrientations_iPhone = "UIInterfaceOrientationPortrait UIInterfaceOrientationLandscapeLeft UIInterfaceOrientationLandscapeRight";
				LD_RUNPATH_SEARCH_PATHS = (
					"$(inherited)",
					"@executable_path/Frameworks",
				);
				MARKETING_VERSION = 1.0;
				PRODUCT_BUNDLE_IDENTIFIER = com.ankit.BLEDemo.ExamDemoWithTestCase;
				PRODUCT_NAME = "$(TARGET_NAME)";
				STRING_CATALOG_GENERATE_SYMBOLS = YES;
				SWIFT_APPROACHABLE_CONCURRENCY = YES;
				SWIFT_DEFAULT_ACTOR_ISOLATION = MainActor;
				SWIFT_EMIT_LOC_STRINGS = YES;
				SWIFT_UPCOMING_FEATURE_MEMBER_IMPORT_VISIBILITY = YES;
				SWIFT_VERSION = 5.0;
				TARGETED_DEVICE_FAMILY = "1,2";
			};
			name = Debug;
		};
		BC1964B83008FCD400D3FBDB /* Release */ = {
			isa = XCBuildConfiguration;
			buildSettings = {
				ASSETCATALOG_COMPILER_APPICON_NAME = AppIcon;
				ASSETCATALOG_COMPILER_GLOBAL_ACCENT_COLOR_NAME = AccentColor;
				CODE_SIGN_STYLE = Automatic;
				CURRENT_PROJECT_VERSION = 1;
				DEVELOPMENT_TEAM = F4D3NJ9MM5;
				GENERATE_INFOPLIST_FILE = YES;
				INFOPLIST_FILE = ExamDemoWithTestCase/Info.plist;
				INFOPLIST_KEY_UIApplicationSupportsIndirectInputEvents = YES;
				INFOPLIST_KEY_UILaunchStoryboardName = LaunchScreen;
				INFOPLIST_KEY_UIMainStoryboardFile = Main;
				INFOPLIST_KEY_UISupportedInterfaceOrientations_iPad = "UIInterfaceOrientationPortrait UIInterfaceOrientationPortraitUpsideDown UIInterfaceOrientationLandscapeLeft UIInterfaceOrientationLandscapeRight";
				INFOPLIST_KEY_UISupportedInterfaceOrientations_iPhone = "UIInterfaceOrientationPortrait UIInterfaceOrientationLandscapeLeft UIInterfaceOrientationLandscapeRight";
				LD_RUNPATH_SEARCH_PATHS = (
					"$(inherited)",
					"@executable_path/Frameworks",
				);
				MARKETING_VERSION = 1.0;
				PRODUCT_BUNDLE_IDENTIFIER = com.ankit.BLEDemo.ExamDemoWithTestCase;
				PRODUCT_NAME = "$(TARGET_NAME)";
				STRING_CATALOG_GENERATE_SYMBOLS = YES;
				SWIFT_APPROACHABLE_CONCURRENCY = YES;
				SWIFT_DEFAULT_ACTOR_ISOLATION = MainActor;
				SWIFT_EMIT_LOC_STRINGS = YES;
				SWIFT_UPCOMING_FEATURE_MEMBER_IMPORT_VISIBILITY = YES;
				SWIFT_VERSION = 5.0;
				TARGETED_DEVICE_FAMILY = "1,2";
			};
			name = Release;
		};
		BC1964B93008FCD400D3FBDB /* Debug */ = {
			isa = XCBuildConfiguration;
			buildSettings = {
				ALWAYS_SEARCH_USER_PATHS = NO;
				ASSETCATALOG_COMPILER_GENERATE_SWIFT_ASSET_SYMBOL_EXTENSIONS = YES;
				CLANG_ANALYZER_NONNULL = YES;
				CLANG_ANALYZER_NUMBER_OBJECT_CONVERSION = YES_AGGRESSIVE;
				CLANG_CXX_LANGUAGE_STANDARD = "gnu++20";
				CLANG_ENABLE_MODULES = YES;
				CLANG_ENABLE_OBJC_ARC = YES;
				CLANG_ENABLE_OBJC_WEAK = YES;
				CLANG_WARN_BLOCK_CAPTURE_AUTORELEASING = YES;
				CLANG_WARN_BOOL_CONVERSION = YES;
				CLANG_WARN_COMMA = YES;
				CLANG_WARN_CONSTANT_CONVERSION = YES;
				CLANG_WARN_DEPRECATED_OBJC_IMPLEMENTATIONS = YES;
				CLANG_WARN_DIRECT_OBJC_ISA_USAGE = YES_ERROR;
				CLANG_WARN_DOCUMENTATION_COMMENTS = YES;
				CLANG_WARN_EMPTY_BODY = YES;
				CLANG_WARN_ENUM_CONVERSION = YES;
				CLANG_WARN_INFINITE_RECURSION = YES;
				CLANG_WARN_INT_CONVERSION = YES;
				CLANG_WARN_NON_LITERAL_NULL_CONVERSION = YES;
				CLANG_WARN_OBJC_IMPLICIT_RETAIN_SELF = YES;
				CLANG_WARN_OBJC_LITERAL_CONVERSION = YES;
				CLANG_WARN_OBJC_ROOT_CLASS = YES_ERROR;
				CLANG_WARN_QUOTED_INCLUDE_IN_FRAMEWORK_HEADER = YES;
				CLANG_WARN_RANGE_LOOP_ANALYSIS = YES;
				CLANG_WARN_STRICT_PROTOTYPES = YES;
				CLANG_WARN_SUSPICIOUS_MOVE = YES;
				CLANG_WARN_UNGUARDED_AVAILABILITY = YES_AGGRESSIVE;
				CLANG_WARN_UNREACHABLE_CODE = YES;
				CLANG_WARN__DUPLICATE_METHOD_MATCH = YES;
				COPY_PHASE_STRIP = NO;
				DEBUG_INFORMATION_FORMAT = dwarf;
				DEVELOPMENT_TEAM = F4D3NJ9MM5;
				ENABLE_STRICT_OBJC_MSGSEND = YES;
				ENABLE_TESTABILITY = YES;
				ENABLE_USER_SCRIPT_SANDBOXING = YES;
				GCC_C_LANGUAGE_STANDARD = gnu17;
				GCC_DYNAMIC_NO_PIC = NO;
				GCC_NO_COMMON_BLOCKS = YES;
				GCC_OPTIMIZATION_LEVEL = 0;
				GCC_PREPROCESSOR_DEFINITIONS = (
					"DEBUG=1",
					"$(inherited)",
				);
				GCC_WARN_64_TO_32_BIT_CONVERSION = YES;
				GCC_WARN_ABOUT_RETURN_TYPE = YES_ERROR;
				GCC_WARN_UNDECLARED_SELECTOR = YES;
				GCC_WARN_UNINITIALIZED_AUTOS = YES_AGGRESSIVE;
				GCC_WARN_UNUSED_FUNCTION = YES;
				GCC_WARN_UNUSED_VARIABLE = YES;
				IPHONEOS_DEPLOYMENT_TARGET = 26.5;
				LOCALIZATION_PREFERS_STRING_CATALOGS = YES;
				MTL_ENABLE_DEBUG_INFO = INCLUDE_SOURCE;
				MTL_FAST_MATH = YES;
				ONLY_ACTIVE_ARCH = YES;
				SDKROOT = iphoneos;
				SWIFT_ACTIVE_COMPILATION_CONDITIONS = "DEBUG $(inherited)";
				SWIFT_OPTIMIZATION_LEVEL = "-Onone";
			};
			name = Debug;
		};
		BC1964BA3008FCD400D3FBDB /* Release */ = {
			isa = XCBuildConfiguration;
			buildSettings = {
				ALWAYS_SEARCH_USER_PATHS = NO;
				ASSETCATALOG_COMPILER_GENERATE_SWIFT_ASSET_SYMBOL_EXTENSIONS = YES;
				CLANG_ANALYZER_NONNULL = YES;
				CLANG_ANALYZER_NUMBER_OBJECT_CONVERSION = YES_AGGRESSIVE;
				CLANG_CXX_LANGUAGE_STANDARD = "gnu++20";
				CLANG_ENABLE_MODULES = YES;
				CLANG_ENABLE_OBJC_ARC = YES;
				CLANG_ENABLE_OBJC_WEAK = YES;
				CLANG_WARN_BLOCK_CAPTURE_AUTORELEASING = YES;
				CLANG_WARN_BOOL_CONVERSION = YES;
				CLANG_WARN_COMMA = YES;
				CLANG_WARN_CONSTANT_CONVERSION = YES;
				CLANG_WARN_DEPRECATED_OBJC_IMPLEMENTATIONS = YES;
				CLANG_WARN_DIRECT_OBJC_ISA_USAGE = YES_ERROR;
				CLANG_WARN_DOCUMENTATION_COMMENTS = YES;
				CLANG_WARN_EMPTY_BODY = YES;
				CLANG_WARN_ENUM_CONVERSION = YES;
				CLANG_WARN_INFINITE_RECURSION = YES;
				CLANG_WARN_INT_CONVERSION = YES;
				CLANG_WARN_NON_LITERAL_NULL_CONVERSION = YES;
				CLANG_WARN_OBJC_IMPLICIT_RETAIN_SELF = YES;
				CLANG_WARN_OBJC_LITERAL_CONVERSION = YES;
				CLANG_WARN_OBJC_ROOT_CLASS = YES_ERROR;
				CLANG_WARN_QUOTED_INCLUDE_IN_FRAMEWORK_HEADER = YES;
				CLANG_WARN_RANGE_LOOP_ANALYSIS = YES;
				CLANG_WARN_STRICT_PROTOTYPES = YES;
				CLANG_WARN_SUSPICIOUS_MOVE = YES;
				CLANG_WARN_UNGUARDED_AVAILABILITY = YES_AGGRESSIVE;
				CLANG_WARN_UNREACHABLE_CODE = YES;
				CLANG_WARN__DUPLICATE_METHOD_MATCH = YES;
				COPY_PHASE_STRIP = NO;
				DEBUG_INFORMATION_FORMAT = "dwarf-with-dsym";
				DEVELOPMENT_TEAM = F4D3NJ9MM5;
				ENABLE_NS_ASSERTIONS = NO;
				ENABLE_STRICT_OBJC_MSGSEND = YES;
				ENABLE_USER_SCRIPT_SANDBOXING = YES;
				GCC_C_LANGUAGE_STANDARD = gnu17;
				GCC_NO_COMMON_BLOCKS = YES;
				GCC_WARN_64_TO_32_BIT_CONVERSION = YES;
				GCC_WARN_ABOUT_RETURN_TYPE = YES_ERROR;
				GCC_WARN_UNDECLARED_SELECTOR = YES;
				GCC_WARN_UNINITIALIZED_AUTOS = YES_AGGRESSIVE;
				GCC_WARN_UNUSED_FUNCTION = YES;
				GCC_WARN_UNUSED_VARIABLE = YES;
				IPHONEOS_DEPLOYMENT_TARGET = 26.5;
				LOCALIZATION_PREFERS_STRING_CATALOGS = YES;
				MTL_ENABLE_DEBUG_INFO = NO;
				MTL_FAST_MATH = YES;
				SDKROOT = iphoneos;
				SWIFT_COMPILATION_MODE = wholemodule;
				VALIDATE_PRODUCT = YES;
			};
			name = Release;
		};
		BC1964BC3008FCD400D3FBDB /* Debug */ = {
			isa = XCBuildConfiguration;
			buildSettings = {
				BUNDLE_LOADER = "$(TEST_HOST)";
				CODE_SIGN_STYLE = Automatic;
				CURRENT_PROJECT_VERSION = 1;
				DEVELOPMENT_TEAM = F4D3NJ9MM5;
				GENERATE_INFOPLIST_FILE = YES;
				IPHONEOS_DEPLOYMENT_TARGET = 26.5;
				MARKETING_VERSION = 1.0;
				PRODUCT_BUNDLE_IDENTIFIER = com.ankit.BLEDemo.ExamDemoWithTestCaseTests;
				PRODUCT_NAME = "$(TARGET_NAME)";
				STRING_CATALOG_GENERATE_SYMBOLS = NO;
				SWIFT_APPROACHABLE_CONCURRENCY = YES;
				SWIFT_EMIT_LOC_STRINGS = NO;
				SWIFT_UPCOMING_FEATURE_MEMBER_IMPORT_VISIBILITY = YES;
				SWIFT_VERSION = 5.0;
				TARGETED_DEVICE_FAMILY = "1,2";
				TEST_HOST = "$(BUILT_PRODUCTS_DIR)/ExamDemoWithTestCase.app/$(BUNDLE_EXECUTABLE_FOLDER_PATH)/ExamDemoWithTestCase";
			};
			name = Debug;
		};
		BC1964BD3008FCD400D3FBDB /* Release */ = {
			isa = XCBuildConfiguration;
			buildSettings = {
				BUNDLE_LOADER = "$(TEST_HOST)";
				CODE_SIGN_STYLE = Automatic;
				CURRENT_PROJECT_VERSION = 1;
				DEVELOPMENT_TEAM = F4D3NJ9MM5;
				GENERATE_INFOPLIST_FILE = YES;
				IPHONEOS_DEPLOYMENT_TARGET = 26.5;
				MARKETING_VERSION = 1.0;
				PRODUCT_BUNDLE_IDENTIFIER = com.ankit.BLEDemo.ExamDemoWithTestCaseTests;
				PRODUCT_NAME = "$(TARGET_NAME)";
				STRING_CATALOG_GENERATE_SYMBOLS = NO;
				SWIFT_APPROACHABLE_CONCURRENCY = YES;
				SWIFT_EMIT_LOC_STRINGS = NO;
				SWIFT_UPCOMING_FEATURE_MEMBER_IMPORT_VISIBILITY = YES;
				SWIFT_VERSION = 5.0;
				TARGETED_DEVICE_FAMILY = "1,2";
				TEST_HOST = "$(BUILT_PRODUCTS_DIR)/ExamDemoWithTestCase.app/$(BUNDLE_EXECUTABLE_FOLDER_PATH)/ExamDemoWithTestCase";
			};
			name = Release;
		};
		BC1964BF3008FCD400D3FBDB /* Debug */ = {
			isa = XCBuildConfiguration;
			buildSettings = {
				CODE_SIGN_STYLE = Automatic;
				CURRENT_PROJECT_VERSION = 1;
				DEVELOPMENT_TEAM = F4D3NJ9MM5;
				GENERATE_INFOPLIST_FILE = YES;
				MARKETING_VERSION = 1.0;
				PRODUCT_BUNDLE_IDENTIFIER = com.ankit.BLEDemo.ExamDemoWithTestCaseUITests;
				PRODUCT_NAME = "$(TARGET_NAME)";
				STRING_CATALOG_GENERATE_SYMBOLS = NO;
				SWIFT_APPROACHABLE_CONCURRENCY = YES;
				SWIFT_EMIT_LOC_STRINGS = NO;
				SWIFT_UPCOMING_FEATURE_MEMBER_IMPORT_VISIBILITY = YES;
				SWIFT_VERSION = 5.0;
				TARGETED_DEVICE_FAMILY = "1,2";
				TEST_TARGET_NAME = ExamDemoWithTestCase;
			};
			name = Debug;
		};
		BC1964C03008FCD400D3FBDB /* Release */ = {
			isa = XCBuildConfiguration;
			buildSettings = {
				CODE_SIGN_STYLE = Automatic;
				CURRENT_PROJECT_VERSION = 1;
				DEVELOPMENT_TEAM = F4D3NJ9MM5;
				GENERATE_INFOPLIST_FILE = YES;
				MARKETING_VERSION = 1.0;
				PRODUCT_BUNDLE_IDENTIFIER = com.ankit.BLEDemo.ExamDemoWithTestCaseUITests;
				PRODUCT_NAME = "$(TARGET_NAME)";
				STRING_CATALOG_GENERATE_SYMBOLS = NO;
				SWIFT_APPROACHABLE_CONCURRENCY = YES;
				SWIFT_EMIT_LOC_STRINGS = NO;
				SWIFT_UPCOMING_FEATURE_MEMBER_IMPORT_VISIBILITY = YES;
				SWIFT_VERSION = 5.0;
				TARGETED_DEVICE_FAMILY = "1,2";
				TEST_TARGET_NAME = ExamDemoWithTestCase;
			};
			name = Release;
		};
/* End XCBuildConfiguration section */

/* Begin XCConfigurationList section */
		BC1964883008FCD300D3FBDB /* Build configuration list for PBXProject "ExamDemoWithTestCase" */ = {
			isa = XCConfigurationList;
			buildConfigurations = (
				BC1964B93008FCD400D3FBDB /* Debug */,
				BC1964BA3008FCD400D3FBDB /* Release */,
			);
			defaultConfigurationIsVisible = 0;
			defaultConfigurationName = Release;
		};
		BC1964B63008FCD400D3FBDB /* Build configuration list for PBXNativeTarget "ExamDemoWithTestCase" */ = {
			isa = XCConfigurationList;
			buildConfigurations = (
				BC1964B73008FCD400D3FBDB /* Debug */,
				BC1964B83008FCD400D3FBDB /* Release */,
			);
			defaultConfigurationIsVisible = 0;
			defaultConfigurationName = Release;
		};
		BC1964BB3008FCD400D3FBDB /* Build configuration list for PBXNativeTarget "ExamDemoWithTestCaseTests" */ = {
			isa = XCConfigurationList;
			buildConfigurations = (
				BC1964BC3008FCD400D3FBDB /* Debug */,
				BC1964BD3008FCD400D3FBDB /* Release */,
			);
			defaultConfigurationIsVisible = 0;
			defaultConfigurationName = Release;
		};
		BC1964BE3008FCD400D3FBDB /* Build configuration list for PBXNativeTarget "ExamDemoWithTestCaseUITests" */ = {
			isa = XCConfigurationList;
			buildConfigurations = (
				BC1964BF3008FCD400D3FBDB /* Debug */,
				BC1964C03008FCD400D3FBDB /* Release */,
			);
			defaultConfigurationIsVisible = 0;
			defaultConfigurationName = Release;
		};
/* End XCConfigurationList section */
	};
	rootObject = BC1964853008FCD300D3FBDB /* Project object */;
}
